
Microsoft Visual Studio Solution File, Format Version 12.00
# Visual Studio 15
VisualStudioVersion = 15.0.26730.10
MinimumVisualStudioVersion = 10.0.40219.1
Project("{2150E333-8FDC-42A3-9474-1A3956D46DE8}") = "BusinessLogicLayer", "BusinessLogicLayer", "{A2E76FE6-EE3F-433F-86FE-9EB59C2ABBF0}"
EndProject
Project("{2150E333-8FDC-42A3-9474-1A3956D46DE8}") = "BusinessLogicLayer.Tests", "BusinessLogicLayer.Tests", "{F131DDEE-B601-4F72-8B1F-54F86F74B246}"
EndProject
Project("{2150E333-8FDC-42A3-9474-1A3956D46DE8}") = "DataAccessLayer", "DataAccessLayer", "{4CCAED80-81B7-4C2D-9ACA-B6ADE4F406E3}"
EndProject
Project("{2150E333-8FDC-42A3-9474-1A3956D46DE8}") = "RepositoryLayer", "RepositoryLayer", "{DD3887DA-87B8-4C7F-8D8E-8E78D2717E55}"
EndProject
Project("{2150E333-8FDC-42A3-9474-1A3956D46DE8}") = "Utilities", "Utilities", "{9D0B79CD-B890-42F1-8BA2-C17AEF51C57D}"
EndProject
Project("{2150E333-8FDC-42A3-9474-1A3956D46DE8}") = "SQLAccess", "SQLAccess", "{5C8B1DF7-325D-4FC3-99A4-DC86EF5946EA}"
EndProject
Project("{FAE04EC0-301F-11D3-BF4B-00C04F79EFBC}") = "Providers", "DataAccessLayer\SQLAccess\Providers.csproj", "{BF08F82D-233C-4EE6-B51A-74C729384532}"
EndProject
Project("{FAE04EC0-301F-11D3-BF4B-00C04F79EFBC}") = "Models", "DataAccessLayer\Models\Models.csproj", "{18BABFD5-ABC2-41F0-9C16-67A41CDF7B96}"
EndProject
Project("{FAE04EC0-301F-11D3-BF4B-00C04F79EFBC}") = "Test", "DataAccessLayer\Test\Test.csproj", "{E9791BD2-BF56-49B1-B527-137EDF2AEDCE}"
EndProject
Project("{FAE04EC0-301F-11D3-BF4B-00C04F79EFBC}") = "Interfaces", "RepositoryLayer\Interfaces\Interfaces.csproj", "{B0B8EA75-93B6-416C-928C-0015C532F1D4}"
EndProject
Project("{FAE04EC0-301F-11D3-BF4B-00C04F79EFBC}") = "Repositories", "RepositoryLayer\Repositories\Repositories.csproj", "{D1059C17-65DD-4EFC-8805-DA8D79DA688B}"
EndProject
Project("{FAE04EC0-301F-11D3-BF4B-00C04F79EFBC}") = "Common", "Utilities\Common\Common.csproj", "{6CE266EC-487D-4365-8099-75EC11A59A4E}"
EndProject
Project("{FAE04EC0-301F-11D3-BF4B-00C04F79EFBC}") = "Models", "BusinessLogicLayer\Models\Models.csproj", "{2CE11AD7-EE5C-4FEC-8EC0-22CE5799C878}"
EndProject
Project("{FAE04EC0-301F-11D3-BF4B-00C04F79EFBC}") = "Managers", "BusinessLogicLayer\Managers\Managers.csproj", "{B4240404-4D0A-431E-A77D-196C3BD96CB6}"
EndProject
Project("{FAE04EC0-301F-11D3-BF4B-00C04F79EFBC}") = "Interfaces", "BusinessLogicLayer\Interfaces\Interfaces.csproj", "{FC0CDDD3-4EB2-4AE6-AFFF-804A84AECE53}"
EndProject
Project("{FAE04EC0-301F-11D3-BF4B-00C04F79EFBC}") = "AdminConsole", "BusinessLogicLayer.Tests\TestConsole\AdminConsole.csproj", "{68991B3C-142E-4639-94BA-8F6F6B140984}"
EndProject
Project("{FAE04EC0-301F-11D3-BF4B-00C04F79EFBC}") = "Tests", "BusinessLogicLayer.Tests\Tests\Tests.csproj", "{42BD16B2-F353-49DB-85CB-7370E82F62E3}"
EndProject
Project("{2150E333-8FDC-42A3-9474-1A3956D46DE8}") = "PresentationLayer", "PresentationLayer", "{00843547-A376-4356-B702-BD4AE51C7926}"
EndProject
Project("{FAE04EC0-301F-11D3-BF4B-00C04F79EFBC}") = "WebApplication", "PresentationLayer\WebApplication\WebApplication.csproj", "{88221502-CDCE-40A2-B398-32836B62BCB6}"
EndProject
Global
	GlobalSection(SolutionConfigurationPlatforms) = preSolution
		Debug|Any CPU = Debug|Any CPU
		Release|Any CPU = Release|Any CPU
	EndGlobalSection
	GlobalSection(ProjectConfigurationPlatforms) = postSolution
		{BF08F82D-233C-4EE6-B51A-74C729384532}.Debug|Any CPU.ActiveCfg = Debug|Any CPU
		{BF08F82D-233C-4EE6-B51A-74C729384532}.Debug|Any CPU.Build.0 = Debug|Any CPU
		{BF08F82D-233C-4EE6-B51A-74C729384532}.Release|Any CPU.ActiveCfg = Release|Any CPU
		{BF08F82D-233C-4EE6-B51A-74C729384532}.Release|Any CPU.Build.0 = Release|Any CPU
		{18BABFD5-ABC2-41F0-9C16-67A41CDF7B96}.Debug|Any CPU.ActiveCfg = Debug|Any CPU
		{18BABFD5-ABC2-41F0-9C16-67A41CDF7B96}.Debug|Any CPU.Build.0 = Debug|Any CPU
		{18BABFD5-ABC2-41F0-9C16-67A41CDF7B96}.Release|Any CPU.ActiveCfg = Release|Any CPU
		{18BABFD5-ABC2-41F0-9C16-67A41CDF7B96}.Release|Any CPU.Build.0 = Release|Any CPU
		{E9791BD2-BF56-49B1-B527-137EDF2AEDCE}.Debug|Any CPU.ActiveCfg = Debug|Any CPU
		{E9791BD2-BF56-49B1-B527-137EDF2AEDCE}.Debug|Any CPU.Build.0 = Debug|Any CPU
		{E9791BD2-BF56-49B1-B527-137EDF2AEDCE}.Release|Any CPU.ActiveCfg = Release|Any CPU
		{E9791BD2-BF56-49B1-B527-137EDF2AEDCE}.Release|Any CPU.Build.0 = Release|Any CPU
		{B0B8EA75-93B6-416C-928C-0015C532F1D4}.Debug|Any CPU.ActiveCfg = Debug|Any CPU
		{B0B8EA75-93B6-416C-928C-0015C532F1D4}.Debug|Any CPU.Build.0 = Debug|Any CPU
		{B0B8EA75-93B6-416C-928C-0015C532F1D4}.Release|Any CPU.ActiveCfg = Release|Any CPU
		{B0B8EA75-93B6-416C-928C-0015C532F1D4}.Release|Any CPU.Build.0 = Release|Any CPU
		{D1059C17-65DD-4EFC-8805-DA8D79DA688B}.Debug|Any CPU.ActiveCfg = Debug|Any CPU
		{D1059C17-65DD-4EFC-8805-DA8D79DA688B}.Debug|Any CPU.Build.0 = Debug|Any CPU
		{D1059C17-65DD-4EFC-8805-DA8D79DA688B}.Release|Any CPU.ActiveCfg = Release|Any CPU
		{D1059C17-65DD-4EFC-8805-DA8D79DA688B}.Release|Any CPU.Build.0 = Release|Any CPU
		{6CE266EC-487D-4365-8099-75EC11A59A4E}.Debug|Any CPU.ActiveCfg = Debug|Any CPU
		{6CE266EC-487D-4365-8099-75EC11A59A4E}.Debug|Any CPU.Build.0 = Debug|Any CPU
		{6CE266EC-487D-4365-8099-75EC11A59A4E}.Release|Any CPU.ActiveCfg = Release|Any CPU
		{6CE266EC-487D-4365-8099-75EC11A59A4E}.Release|Any CPU.Build.0 = Release|Any CPU
		{2CE11AD7-EE5C-4FEC-8EC0-22CE5799C878}.Debug|Any CPU.ActiveCfg = Debug|Any CPU
		{2CE11AD7-EE5C-4FEC-8EC0-22CE5799C878}.Debug|Any CPU.Build.0 = Debug|Any CPU
		{2CE11AD7-EE5C-4FEC-8EC0-22CE5799C878}.Release|Any CPU.ActiveCfg = Release|Any CPU
		{2CE11AD7-EE5C-4FEC-8EC0-22CE5799C878}.Release|Any CPU.Build.0 = Release|Any CPU
		{B4240404-4D0A-431E-A77D-196C3BD96CB6}.Debug|Any CPU.ActiveCfg = Debug|Any CPU
		{B4240404-4D0A-431E-A77D-196C3BD96CB6}.Debug|Any CPU.Build.0 = Debug|Any CPU
		{B4240404-4D0A-431E-A77D-196C3BD96CB6}.Release|Any CPU.ActiveCfg = Release|Any CPU
		{B4240404-4D0A-431E-A77D-196C3BD96CB6}.Release|Any CPU.Build.0 = Release|Any CPU
		{FC0CDDD3-4EB2-4AE6-AFFF-804A84AECE53}.Debug|Any CPU.ActiveCfg = Debug|Any CPU
		{FC0CDDD3-4EB2-4AE6-AFFF-804A84AECE53}.Debug|Any CPU.Build.0 = Debug|Any CPU
		{FC0CDDD3-4EB2-4AE6-AFFF-804A84AECE53}.Release|Any CPU.ActiveCfg = Release|Any CPU
		{FC0CDDD3-4EB2-4AE6-AFFF-804A84AECE53}.Release|Any CPU.Build.0 = Release|Any CPU
		{68991B3C-142E-4639-94BA-8F6F6B140984}.Debug|Any CPU.ActiveCfg = Debug|Any CPU
		{68991B3C-142E-4639-94BA-8F6F6B140984}.Debug|Any CPU.Build.0 = Debug|Any CPU
		{68991B3C-142E-4639-94BA-8F6F6B140984}.Release|Any CPU.ActiveCfg = Release|Any CPU
		{68991B3C-142E-4639-94BA-8F6F6B140984}.Release|Any CPU.Build.0 = Release|Any CPU
		{42BD16B2-F353-49DB-85CB-7370E82F62E3}.Debug|Any CPU.ActiveCfg = Debug|Any CPU
		{42BD16B2-F353-49DB-85CB-7370E82F62E3}.Debug|Any CPU.Build.0 = Debug|Any CPU
		{42BD16B2-F353-49DB-85CB-7370E82F62E3}.Release|Any CPU.ActiveCfg = Release|Any CPU
		{42BD16B2-F353-49DB-85CB-7370E82F62E3}.Release|Any CPU.Build.0 = Release|Any CPU
		{88221502-CDCE-40A2-B398-32836B62BCB6}.Debug|Any CPU.ActiveCfg = Debug|Any CPU
		{88221502-CDCE-40A2-B398-32836B62BCB6}.Debug|Any CPU.Build.0 = Debug|Any CPU
		{88221502-CDCE-40A2-B398-32836B62BCB6}.Release|Any CPU.ActiveCfg = Release|Any CPU
		{88221502-CDCE-40A2-B398-32836B62BCB6}.Release|Any CPU.Build.0 = Release|Any CPU
	EndGlobalSection
	GlobalSection(SolutionProperties) = preSolution
		HideSolutionNode = FALSE
	EndGlobalSection
	GlobalSection(NestedProjects) = preSolution
		{5C8B1DF7-325D-4FC3-99A4-DC86EF5946EA} = {4CCAED80-81B7-4C2D-9ACA-B6ADE4F406E3}
		{BF08F82D-233C-4EE6-B51A-74C729384532} = {5C8B1DF7-325D-4FC3-99A4-DC86EF5946EA}
		{18BABFD5-ABC2-41F0-9C16-67A41CDF7B96} = {4CCAED80-81B7-4C2D-9ACA-B6ADE4F406E3}
		{E9791BD2-BF56-49B1-B527-137EDF2AEDCE} = {4CCAED80-81B7-4C2D-9ACA-B6ADE4F406E3}
		{B0B8EA75-93B6-416C-928C-0015C532F1D4} = {DD3887DA-87B8-4C7F-8D8E-8E78D2717E55}
		{D1059C17-65DD-4EFC-8805-DA8D79DA688B} = {DD3887DA-87B8-4C7F-8D8E-8E78D2717E55}
		{6CE266EC-487D-4365-8099-75EC11A59A4E} = {9D0B79CD-B890-42F1-8BA2-C17AEF51C57D}
		{2CE11AD7-EE5C-4FEC-8EC0-22CE5799C878} = {A2E76FE6-EE3F-433F-86FE-9EB59C2ABBF0}
		{B4240404-4D0A-431E-A77D-196C3BD96CB6} = {A2E76FE6-EE3F-433F-86FE-9EB59C2ABBF0}
		{FC0CDDD3-4EB2-4AE6-AFFF-804A84AECE53} = {A2E76FE6-EE3F-433F-86FE-9EB59C2ABBF0}
		{68991B3C-142E-4639-94BA-8F6F6B140984} = {F131DDEE-B601-4F72-8B1F-54F86F74B246}
		{42BD16B2-F353-49DB-85CB-7370E82F62E3} = {F131DDEE-B601-4F72-8B1F-54F86F74B246}
		{88221502-CDCE-40A2-B398-32836B62BCB6} = {00843547-A376-4356-B702-BD4AE51C7926}
	EndGlobalSection
	GlobalSection(ExtensibilityGlobals) = postSolution
		SolutionGuid = {54010328-3AAF-4EA7-B2CE-925DB0B58AFE}
	EndGlobalSection
EndGlobal
